{
  "requires": true,
  "lockfileVersion": 1,
  "dependencies": {
    "my_very_first_node_module": {
      "version": "1.0.0",
      "resolved": "https://registry.npmjs.org/my_very_first_node_module/-/my_very_first_node_module-1.0.0.tgz",
      "integrity": "sha512-jRtvvjdtlpGGk5kHkU01cpuDo5KgPTdHQr7fni7FzrmReOd+8dY08pbBLr4IXg/0T1fb3nu7xy0RfNroJ+yJuQ=="
    }
  }
}
