{
  "requires": true,
  "lockfileVersion": 1,
  "dependencies": {
    "my_very_first_node_module": {
      "version": "1.0.2",
      "resolved": "https://registry.npmjs.org/my_very_first_node_module/-/my_very_first_node_module-1.0.2.tgz",
      "integrity": "sha512-dfROQfw9+PUz0MABytaf0t9byL5FfkfDoutBFJ30tVNx12Ul9ZoRiTyE8Xod8Qi/Ty2TN8t8LgPaqd/c+nZqAA=="
    }
  }
}
